hash: bb490980e08fa632e651a4a754d58cd4a5c426b8821115cbc84581aa148a1c68
updated: 2017-01-09T13:16:54.66979243+01:00
imports:
- name: github.com/beorn7/perks
  version: 4c0e84591b9aa9e6dcfdf3e020114cd81f89d5f9
  subpackages:
  - quantile
- name: github.com/davecgh/go-spew
  version: 6d212800a42e8ab5c146b8ace3490ee17e5225f9
  subpackages:
  - spew
- name: github.com/go-kit/kit
  version: 6fb874ce59bb45b2f60ee3d289829db02142ecc6
  subpackages:
  - log
- name: github.com/go-ldap/ldap
  version: 8168ee085ee43257585e50c6441aadf54ecb2c9f
- name: github.com/go-logfmt/logfmt
  version: 390ab7935ee28ec6b286364bba9b4dd6410cb3d5
- name: github.com/go-stack/stack
  version: 100eb0c0a9c5b306ca2fb4f165df21d80ada4b82
- name: github.com/golang/protobuf
  version: 8ee79997227bf9b34611aee7946ae64735e6fd93
  subpackages:
  - proto
  - ptypes
  - ptypes/any
  - ptypes/duration
  - ptypes/empty
  - ptypes/timestamp
  - ptypes/wrappers
- name: github.com/kr/logfmt
  version: b84e30acd515aadc4b783ad4ff83aff3299bdfe0
- name: github.com/lib/pq
  version: 8df6253d1317616f36b0c3740eb30c239a7372cb
  subpackages:
  - oid
- name: github.com/m4rw3r/uuid
  version: 00c72d48d5aaaf3058e26d9641164c43ba239f33
- name: github.com/matttproud/golang_protobuf_extensions
  version: c12348ce28de40eed0136aa2b644d0ee0650e56c
  subpackages:
  - pbutil
- name: github.com/pborman/uuid
  version: a97ce2ca70fa5a848076093f05e639a89ca34d06
- name: github.com/piotrkowalczuk/mnemosyne
  version: 8982a34a915c8744ef7331528be5e9e7536bacc0
  subpackages:
  - internal/cluster
  - internal/jump
  - mnemosyned
  - mnemosynerpc
  - mnemosynetest
- name: github.com/piotrkowalczuk/ntypes
  version: b713febf2e072331a9a6404222760d797c79d665
- name: github.com/piotrkowalczuk/pqcomp
  version: 631b19c36ded8bbe954cf8c15a0044c591033536
- name: github.com/piotrkowalczuk/pqt
  version: 68ab1b2643f8b59461e0c773783bc6465e2cc909
- name: github.com/piotrkowalczuk/promgrpc
  version: 6dcaf1a8dc829dcea441330ba639d04472b696af
- name: github.com/piotrkowalczuk/qtypes
  version: 4325c682e95fb74655cedb1e545974ef240c8762
- name: github.com/piotrkowalczuk/sklog
  version: ec5c8660c571ff906c65341ba96de449706d63fa
- name: github.com/pmezard/go-difflib
  version: d8ed2627bdf02c080bf22230dbb337003b7aba2d
  subpackages:
  - difflib
- name: github.com/prometheus/client_golang
  version: c5b7fccd204277076155f10851dad72b76a49317
  subpackages:
  - prometheus
- name: github.com/prometheus/client_model
  version: fa8ad6fec33561be4280a8f0514318c79d7f6cb6
  subpackages:
  - go
- name: github.com/prometheus/common
  version: dd2f054febf4a6c00f2343686efb775948a8bff4
  subpackages:
  - expfmt
  - internal/bitbucket.org/ww/goautoneg
  - model
- name: github.com/prometheus/procfs
  version: fcdb11ccb4389efb1b210b7ffb623ab71c5fdd60
- name: github.com/stretchr/objx
  version: cbeaeb16a013161a98496fad62933b1d21786672
- name: github.com/stretchr/testify
  version: 69483b4bd14f5845b5a1e55bca19e954e827f1d0
  subpackages:
  - assert
  - mock
- name: golang.org/x/crypto
  version: c3b1d0d6d8690eaebe3064711b026770cc37efa3
  subpackages:
  - bcrypt
  - blowfish
  - sha3
- name: golang.org/x/net
  version: da2b4fa28524a3baf148c1b94df4440267063c88
  subpackages:
  - context
  - http2
  - http2/hpack
  - idna
  - internal/timeseries
  - lex/httplex
  - trace
- name: golang.org/x/oauth2
  version: 314dd2c0bf3ebd592ec0d20847d27e79d0dbe8dd
  subpackages:
  - internal
- name: golang.org/x/text
  version: 44f4f658a783b0cee41fe0a23b8fc91d9c120558
  subpackages:
  - secure/bidirule
  - transform
  - unicode/bidi
  - unicode/norm
- name: google.golang.org/appengine
  version: 8758a385849434ba5eac8aeedcf5192c5a0f5f10
  subpackages:
  - internal
  - internal/base
  - internal/datastore
  - internal/log
  - internal/remote_api
  - internal/urlfetch
  - urlfetch
- name: google.golang.org/grpc
  version: 708a7f9f3283aa2d4f6132d287d78683babe55c8
  subpackages:
  - codes
  - credentials
  - grpclog
  - internal
  - metadata
  - naming
  - peer
  - stats
  - tap
  - transport
- name: gopkg.in/asn1-ber.v1
  version: 4e86f4367175e39f69d9358a5f17b4dda270378d
testImports:
- name: github.com/gopherjs/gopherjs
  version: dcd7ed070932688cbd543449d96aaae225ffd90c
  subpackages:
  - js
- name: github.com/jtolds/gls
  version: bb0351aa7eb6f322f32667d51375f26a2bca6628
- name: github.com/smartystreets/assertions
  version: 26acb9229f421449ac63d014995b282d59261a8b
  subpackages:
  - internal/go-render/render
  - internal/oglematchers
- name: github.com/smartystreets/goconvey
  version: d4c757aa9afd1e2fc1832aaab209b5794eb336e1
  subpackages:
  - convey
  - convey/gotest
  - convey/reporting
