hash: e9449be2d5dafb7b67b26c86b6d3a9da536c9f7ca5af0cec7cffa6731a20857c
updated: 2016-06-06T15:43:47.982327299+02:00
imports:
- name: github.com/beorn7/perks
  version: 3ac7bf7a47d159a033b107610db8a1b6575507a4
  subpackages:
  - quantile
- name: github.com/davecgh/go-spew
  version: 5215b55f46b2b919f50a1df0eaa5886afe4e3b3d
  subpackages:
  - spew
- name: github.com/ernesto-jimenez/gogen
  version: 6f83150fb39a1678d516c9af15dbb6b3e556d400
  subpackages:
  - imports
- name: github.com/go-kit/kit
  version: 3122b441515cf7ceb82d0c89cbb25837395ac006
  subpackages:
  - log
  - metrics
  - metrics/prometheus
- name: github.com/go-logfmt/logfmt
  version: 538518f3a61c040f3d15f05decfffef6bd0302bc
- name: github.com/go-stack/stack
  version: 100eb0c0a9c5b306ca2fb4f165df21d80ada4b82
- name: github.com/golang/protobuf
  version: 9e6977f30c91c78396e719e164e57f9287fff42c
  subpackages:
  - proto
  - ptypes
  - ptypes/timestamp
  - ptypes/empty
  - ptypes/any
  - ptypes/duration
- name: github.com/huandu/xstrings
  version: 3959339b333561bf62a38b424fd41517c2c90f40
- name: github.com/kr/logfmt
  version: b84e30acd515aadc4b783ad4ff83aff3299bdfe0
- name: github.com/lib/pq
  version: ee1442bda7bd1b6a84e913bdb421cb1874ec629d
  subpackages:
  - oid
- name: github.com/matttproud/golang_protobuf_extensions
  version: c12348ce28de40eed0136aa2b644d0ee0650e56c
  subpackages:
  - pbutil
- name: github.com/pborman/uuid
  version: c55201b036063326c5b1b89ccfe45a184973d073
- name: github.com/piotrkowalczuk/mnemosyne
  version: ccead043c33663e4a1d6eef0991d19fc5fcb64fe
  subpackages:
  - mnemosynerpc
- name: github.com/piotrkowalczuk/ntypes
  version: 9b31572cf5b477462fd1328b85d4312ba484ebd6
- name: github.com/piotrkowalczuk/pqcomp
  version: 631b19c36ded8bbe954cf8c15a0044c591033536
- name: github.com/piotrkowalczuk/pqt
  version: ed1de8b1dce5c42d1a8c73b6dfec270b3e663732
  subpackages:
  - pqtgo
  - pqtsql
- name: github.com/piotrkowalczuk/qtypes
  version: efd30d929d2fccac95e95c5909de8ec235fda46f
- name: github.com/piotrkowalczuk/sklog
  version: ec5c8660c571ff906c65341ba96de449706d63fa
- name: github.com/pmezard/go-difflib
  version: d8ed2627bdf02c080bf22230dbb337003b7aba2d
  subpackages:
  - difflib
- name: github.com/prometheus/client_golang
  version: d38f1ef46f0d78136db3e585f7ebe1bcc3476f73
  subpackages:
  - prometheus
- name: github.com/prometheus/client_model
  version: fa8ad6fec33561be4280a8f0514318c79d7f6cb6
  subpackages:
  - go
- name: github.com/prometheus/common
  version: a715f9d07a512e8339f70a275ace0e67c0f9a65f
  subpackages:
  - expfmt
  - internal/bitbucket.org/ww/goautoneg
  - model
- name: github.com/prometheus/procfs
  version: abf152e5f3e97f2fafac028d2cc06c1feb87ffa5
- name: github.com/stretchr/objx
  version: cbeaeb16a013161a98496fad62933b1d21786672
- name: github.com/stretchr/testify
  version: 8d64eb7173c7753d6419fd4a9caf057398611364
  subpackages:
  - mock
  - assert
- name: golang.org/x/crypto
  version: 5bcd134fee4dd1475da17714aac19c0aa0142e2f
  subpackages:
  - bcrypt
  - sha3
  - blowfish
- name: golang.org/x/net
  version: dfd9ed699ea197b58a32e0d1dcfa2be66f127ec4
  subpackages:
  - context
  - http2
  - trace
  - http2/hpack
  - lex/httplex
  - internal/timeseries
- name: golang.org/x/oauth2
  version: c406a4cc4ba462e5dc2f16225c5bd9488f9cbe10
  subpackages:
  - internal
- name: google.golang.org/appengine
  version: 7f59a8c76b8594d06044bfe0bcbe475cb2020482
  subpackages:
  - urlfetch
  - internal
  - internal/urlfetch
  - internal/base
  - internal/datastore
  - internal/remote_api
- name: google.golang.org/grpc
  version: 8213ee577a465c1f314d85748fb29e4eeed59baf
  subpackages:
  - codes
  - credentials
  - grpclog
  - metadata
  - peer
  - internal
  - naming
  - transport
devImports: []
