# This file is autogenerated, do not edit; changes may be undone by the next 'dep ensure'.


[[projects]]
  branch = "master"
  digest = "1:c0bec5f9b98d0bc872ff5e834fac186b807b656683bd29cb82fb207a1513fabb"
  name = "github.com/beorn7/perks"
  packages = ["quantile"]
  pruneopts = ""
  revision = "3a771d992973f24aa725d07868b467d1ddfceafb"

[[projects]]
  branch = "master"
  digest = "1:c46fd324e7902268373e1b337436a6377c196e2dbd7b35624c6256d29d494e78"
  name = "github.com/codahale/hdrhistogram"
  packages = ["."]
  pruneopts = ""
  revision = "3a0bb77429bd3a61596f5e8a3172445844342120"

[[projects]]
  digest = "1:0deddd908b6b4b768cfc272c16ee61e7088a60f7fe2f06c547bd3d8e1f8b8e77"
  name = "github.com/davecgh/go-spew"
  packages = ["spew"]
  pruneopts = ""
  revision = "8991bc29aa16c548c550c7ff78260e27b9ab7c73"
  version = "v1.1.1"

[[projects]]
  digest = "1:3dd078fda7500c341bc26cfbc6c6a34614f295a2457149fc1045cab767cbcf18"
  name = "github.com/golang/protobuf"
  packages = [
    "proto",
    "ptypes",
    "ptypes/any",
    "ptypes/duration",
    "ptypes/empty",
    "ptypes/timestamp",
    "ptypes/wrappers",
  ]
  pruneopts = ""
  revision = "aa810b61a9c79d51363740d207bb46cf8e620ed5"
  version = "v1.2.0"

[[projects]]
  digest = "1:5247b135b5492aa232a731acdcb52b08f32b874cb398f21ab460396eadbe866b"
  name = "github.com/google/uuid"
  packages = ["."]
  pruneopts = ""
  revision = "d460ce9f8df2e77fb1ba55ca87fafed96c607494"
  version = "v1.0.0"

[[projects]]
  branch = "master"
  digest = "1:a674a495dd0b522b9f6d4339e0fc4f1424ac3177ceca2c0882af85e65be05499"
  name = "github.com/gopherjs/gopherjs"
  packages = ["js"]
  pruneopts = ""
  revision = "d547d1d9531ed93dbdebcbff7f83e7c876a1e0ee"

[[projects]]
  digest = "1:35979179658d20a73693589e67bdc3baf4dc0ef9f524b1dfd3cc55fb5f6ae384"
  name = "github.com/huandu/xstrings"
  packages = ["."]
  pruneopts = ""
  revision = "f02667b379e2fb5916c3cda2cf31e0eb885d79f8"
  version = "v1.2.0"

[[projects]]
  digest = "1:d8ead22d381cfed54d53be7d935eb0f9f2b75889a4fb595802844b805dc13b87"
  name = "github.com/jtolds/gls"
  packages = ["."]
  pruneopts = ""
  revision = "77f18212c9c7edc9bd6a33d383a7b545ce62f064"
  version = "v4.2.1"

[[projects]]
  digest = "1:29145d7af4adafd72a79df5e41456ac9e232d5a28c1cd4dacf3ff008a217fc10"
  name = "github.com/lib/pq"
  packages = [
    ".",
    "oid",
  ]
  pruneopts = ""
  revision = "4ded0e9383f75c197b3a2aaa6d590ac52df6fd79"
  version = "v1.0.0"

[[projects]]
  digest = "1:63722a4b1e1717be7b98fc686e0b30d5e7f734b9e93d7dee86293b6deab7ea28"
  name = "github.com/matttproud/golang_protobuf_extensions"
  packages = ["pbutil"]
  pruneopts = ""
  revision = "c12348ce28de40eed0136aa2b644d0ee0650e56c"
  version = "v1.0.1"

[[projects]]
  branch = "master"
  digest = "1:9567002a44a82e4b5c2e5e3083a032824a040f2e46889f5ba8115cc96fa3a239"
  name = "github.com/opentracing-contrib/go-grpc"
  packages = ["."]
  pruneopts = ""
  revision = "4b5a12d3ff02ba61ae861b7797e17a0c4f0ecea9"

[[projects]]
  digest = "1:78fb99d6011c2ae6c72f3293a83951311147b12b06a5ffa43abf750c4fab6ac5"
  name = "github.com/opentracing/opentracing-go"
  packages = [
    ".",
    "ext",
    "log",
  ]
  pruneopts = ""
  revision = "1949ddbfd147afd4d964a9f00b24eb291e0e7c38"
  version = "v1.0.2"

[[projects]]
  digest = "1:28973c71fa628d0b5a908febcb9381b19bc2e75ca457ae78edc2be48a36e5f82"
  name = "github.com/piotrkowalczuk/mnemosyne"
  packages = [
    ".",
    "internal/cache",
    "internal/cluster",
    "internal/constant",
    "internal/jump",
    "internal/model",
    "internal/service/logger",
    "internal/service/postgres",
    "internal/storage",
    "internal/storage/postgres",
    "mnemosyned",
    "mnemosynerpc",
    "mnemosynetest",
  ]
  pruneopts = ""
  revision = "2b7ca9fae1edf2239fa1ad5150b651f038a89f83"
  version = "v0.18.3"

[[projects]]
  digest = "1:0a600dd79d952cc51e9ae3e6fa45421836f948f331052ce7ae24e2fb7e390400"
  name = "github.com/piotrkowalczuk/ntypes"
  packages = ["."]
  pruneopts = ""
  revision = "9c32c36320545a3f06d3436d2323473678ebd272"
  version = "v1.2.3"

[[projects]]
  digest = "1:91e4904024e03139c542152bcf23359c8439a952f1f035398aaa04ff3030b955"
  name = "github.com/piotrkowalczuk/ntypespqt"
  packages = ["."]
  pruneopts = ""
  revision = "a003c97f4df3d3343e505e941c5f7e07fefd5d8d"
  version = "v0.2.6"

[[projects]]
  digest = "1:17a27a510503365bbdb40a1a680395c896f2b6adb067684c71766ee43f9f6018"
  name = "github.com/piotrkowalczuk/pqt"
  packages = [
    ".",
    "internal/gogen",
    "internal/print",
    "pqtfmt",
    "pqtgo",
    "pqtgo/pqtgogen",
    "pqtsql",
  ]
  pruneopts = ""
  revision = "df97f086a6d32773e0414abf085183a44acbd91a"
  version = "v0.27.0"

[[projects]]
  digest = "1:258013a3e255ae47ca2c336c0e2590b16bafd7cd108f2f6594a1fe4a24aa9faf"
  name = "github.com/piotrkowalczuk/promgrpc"
  packages = ["v3"]
  pruneopts = ""
  revision = "ad88e81005ecdbd77eaf3c6ab7b41d44a8a58faa"
  version = "v3.2.2"

[[projects]]
  digest = "1:cdf533e380eca1da22ffd02922f32bda66ae5c46a860213ec164321945fa6bac"
  name = "github.com/piotrkowalczuk/qtypes"
  packages = ["."]
  pruneopts = ""
  revision = "9cb7ebda00aa6a994b1952180357bf024fb116c1"
  version = "v0.3.7"

[[projects]]
  digest = "1:f92d8ab35a58faf788f7c1f7321054d28957cd5a6dd176f58d062b88fb10eee2"
  name = "github.com/piotrkowalczuk/qtypespqt"
  packages = ["."]
  pruneopts = ""
  revision = "cc0d096e27f8b495e659820fdba652f706d24c97"
  version = "v0.4.0"

[[projects]]
  digest = "1:de49d8f82a881322bd021077a64eac76d6cfefc45cdd3694e063e8174f3de367"
  name = "github.com/piotrkowalczuk/zapstackdriver"
  packages = [
    ".",
    "operation",
    "zapstackdrivergrpc",
  ]
  pruneopts = ""
  revision = "761761b4c952d03351dee5b2ffcd3a13071b6861"
  version = "v1.0.0"

[[projects]]
  digest = "1:7365acd48986e205ccb8652cc746f09c8b7876030d53710ea6ef7d0bd0dcd7ca"
  name = "github.com/pkg/errors"
  packages = ["."]
  pruneopts = ""
  revision = "645ef00459ed84a119197bfb8d8205042c6df63d"
  version = "v0.8.0"

[[projects]]
  digest = "1:256484dbbcd271f9ecebc6795b2df8cad4c458dd0f5fd82a8c2fa0c29f233411"
  name = "github.com/pmezard/go-difflib"
  packages = ["difflib"]
  pruneopts = ""
  revision = "792786c7400a136282c1664665ae0a8db921c6c2"
  version = "v1.0.0"

[[projects]]
  digest = "1:4142d94383572e74b42352273652c62afec5b23f325222ed09198f46009022d1"
  name = "github.com/prometheus/client_golang"
  packages = [
    "prometheus",
    "prometheus/promhttp",
  ]
  pruneopts = ""
  revision = "c5b7fccd204277076155f10851dad72b76a49317"
  version = "v0.8.0"

[[projects]]
  branch = "master"
  digest = "1:185cf55b1f44a1bf243558901c3f06efa5c64ba62cfdcbb1bf7bbe8c3fb68561"
  name = "github.com/prometheus/client_model"
  packages = ["go"]
  pruneopts = ""
  revision = "5c3871d89910bfb32f5fcab2aa4b9ec68e65a99f"

[[projects]]
  branch = "master"
  digest = "1:117e1e4f1ed83191a4a225d23488e14802ff8f91b3ed4ff0d229e8ea0faf0a88"
  name = "github.com/prometheus/common"
  packages = [
    "expfmt",
    "internal/bitbucket.org/ww/goautoneg",
    "model",
  ]
  pruneopts = ""
  revision = "7e9e6cabbd393fc208072eedef99188d0ce788b6"

[[projects]]
  branch = "master"
  digest = "1:1f62ed2c173c42c1edad2e94e127318ea11b0d28c62590c82a8d2d3cde189afe"
  name = "github.com/prometheus/procfs"
  packages = [
    ".",
    "internal/util",
    "nfs",
    "xfs",
  ]
  pruneopts = ""
  revision = "185b4288413d2a0dd0806f78c90dde719829e5ae"

[[projects]]
  digest = "1:c686b5040ec4be5005e10020ce3d1d7f888bfae796a039addf7d9071d8776be8"
  name = "github.com/smartystreets/assertions"
  packages = [
    ".",
    "internal/go-render/render",
    "internal/oglematchers",
  ]
  pruneopts = ""
  revision = "7678a5452ebea5b7090a6b163f844c133f523da2"
  version = "1.8.3"

[[projects]]
  digest = "1:dd808f0f1628ff85a1b54424d3e6a61c54a87353d5063b9b5c82ad360f0346d5"
  name = "github.com/smartystreets/goconvey"
  packages = [
    "convey",
    "convey/gotest",
    "convey/reporting",
  ]
  pruneopts = ""
  revision = "9e8dc3f972df6c8fcc0375ef492c24d0bb204857"
  version = "1.6.3"

[[projects]]
  digest = "1:711eebe744c0151a9d09af2315f0bb729b2ec7637ef4c410fa90a18ef74b65b6"
  name = "github.com/stretchr/objx"
  packages = ["."]
  pruneopts = ""
  revision = "477a77ecc69700c7cdeb1fa9e129548e1c1c393c"
  version = "v0.1.1"

[[projects]]
  digest = "1:c587772fb8ad29ad4db67575dad25ba17a51f072ff18a22b4f0257a4d9c24f75"
  name = "github.com/stretchr/testify"
  packages = [
    "assert",
    "mock",
    "require",
  ]
  pruneopts = ""
  revision = "f35b8ab0b5a2cef36673838d662e249dd9c94686"
  version = "v1.2.2"

[[projects]]
  digest = "1:941ab4973b3218a9a6d02d31734f5c762239eb538c0d702fff62d4037af8ab0a"
  name = "github.com/uber/jaeger-client-go"
  packages = [
    ".",
    "config",
    "internal/baggage",
    "internal/baggage/remote",
    "internal/spanlog",
    "internal/throttler",
    "internal/throttler/remote",
    "log",
    "log/zap",
    "rpcmetrics",
    "thrift",
    "thrift-gen/agent",
    "thrift-gen/baggage",
    "thrift-gen/jaeger",
    "thrift-gen/sampling",
    "thrift-gen/zipkincore",
    "transport",
    "utils",
  ]
  pruneopts = ""
  revision = "1a782e2da844727691fef1757c72eb190c2909f0"
  version = "v2.15.0"

[[projects]]
  digest = "1:aa1598d34009b45ce74fdabdd25e4258d7923d1e1b418d4c98482e79607cb9b0"
  name = "github.com/uber/jaeger-lib"
  packages = ["metrics"]
  pruneopts = ""
  revision = "ed3a127ec5fef7ae9ea95b01b542c47fbd999ce5"
  version = "v1.5.0"

[[projects]]
  digest = "1:74f86c458e82e1c4efbab95233e0cf51b7cc02dc03193be9f62cd81224e10401"
  name = "go.uber.org/atomic"
  packages = ["."]
  pruneopts = ""
  revision = "1ea20fb1cbb1cc08cbd0d913a96dead89aa18289"
  version = "v1.3.2"

[[projects]]
  digest = "1:22c7effcb4da0eacb2bb1940ee173fac010e9ef3c691f5de4b524d538bd980f5"
  name = "go.uber.org/multierr"
  packages = ["."]
  pruneopts = ""
  revision = "3c4937480c32f4c13a875a1829af76c98ca3d40a"
  version = "v1.1.0"

[[projects]]
  digest = "1:246f378f80fba6fcf0f191c486b6613265abd2bc0f2fa55a36b928c67352021e"
  name = "go.uber.org/zap"
  packages = [
    ".",
    "buffer",
    "internal/bufferpool",
    "internal/color",
    "internal/exit",
    "zapcore",
  ]
  pruneopts = ""
  revision = "ff33455a0e382e8a81d14dd7c922020b6b5e7982"
  version = "v1.9.1"

[[projects]]
  branch = "master"
  digest = "1:a242f23ceb22423c0a2111d9488a2ab19a2e817111a4f3e2385f5f89a53e619f"
  name = "golang.org/x/crypto"
  packages = [
    "bcrypt",
    "blowfish",
    "sha3",
  ]
  pruneopts = ""
  revision = "e4dc69e5b2fd71dcaf8bd5d054eb936deb78d1fa"

[[projects]]
  branch = "master"
  digest = "1:6ce856debb8efe03fa14d8637c6f573df043d2571cacca0266f122b3d4716729"
  name = "golang.org/x/net"
  packages = [
    "context",
    "context/ctxhttp",
    "http/httpguts",
    "http2",
    "http2/hpack",
    "idna",
    "internal/timeseries",
    "trace",
  ]
  pruneopts = ""
  revision = "10aee181995363b41f712a55844a0dd52ea04646"

[[projects]]
  branch = "master"
  digest = "1:d8cee371806b6ee11920b8a496bae67e6ded00367c89f2413fa1668647ba7cf5"
  name = "golang.org/x/oauth2"
  packages = [
    ".",
    "internal",
  ]
  pruneopts = ""
  revision = "ca4130e427c7982e64cb9b5e717ff67bdb725037"

[[projects]]
  branch = "master"
  digest = "1:fe967eeaf65a031c524f4913123d7ce1b79a17376ca1210d1dc1af51a17aa7d6"
  name = "golang.org/x/sys"
  packages = ["unix"]
  pruneopts = ""
  revision = "3a76605856fddce5718553cbb8bd50ca492a7274"

[[projects]]
  digest = "1:5acd3512b047305d49e8763eef7ba423901e85d5dd2fd1e71778a0ea8de10bd4"
  name = "golang.org/x/text"
  packages = [
    "collate",
    "collate/build",
    "internal/colltab",
    "internal/gen",
    "internal/tag",
    "internal/triegen",
    "internal/ucd",
    "language",
    "secure/bidirule",
    "transform",
    "unicode/bidi",
    "unicode/cldr",
    "unicode/norm",
    "unicode/rangetable",
  ]
  pruneopts = ""
  revision = "f21a4dfb5e38f5895301dc265a8def02365cc3d0"
  version = "v0.3.0"

[[projects]]
  digest = "1:77d3cff3a451d50be4b52db9c7766c0d8570ba47593f0c9dc72173adb208e788"
  name = "google.golang.org/appengine"
  packages = [
    "internal",
    "internal/base",
    "internal/datastore",
    "internal/log",
    "internal/remote_api",
    "internal/urlfetch",
    "urlfetch",
  ]
  pruneopts = ""
  revision = "4a4468ece617fc8205e99368fa2200e9d1fad421"
  version = "v1.3.0"

[[projects]]
  branch = "master"
  digest = "1:80aae82eb03dd30038e2002cdbf3dc269bc17bfd170ef5c5a816b224ae29776f"
  name = "google.golang.org/genproto"
  packages = [
    "googleapis/rpc/errdetails",
    "googleapis/rpc/status",
  ]
  pruneopts = ""
  revision = "c830210a61dfaa790e1920f8d0470fc27bc2efbe"

[[projects]]
  digest = "1:1293087271e314cfa2b3decededba2ecba0ff327e7b7809e00f73f616449191c"
  name = "google.golang.org/grpc"
  packages = [
    ".",
    "balancer",
    "balancer/base",
    "balancer/roundrobin",
    "codes",
    "connectivity",
    "credentials",
    "encoding",
    "encoding/proto",
    "grpclog",
    "health",
    "health/grpc_health_v1",
    "internal",
    "internal/backoff",
    "internal/channelz",
    "internal/envconfig",
    "internal/grpcrand",
    "internal/transport",
    "keepalive",
    "metadata",
    "naming",
    "peer",
    "resolver",
    "resolver/dns",
    "resolver/passthrough",
    "stats",
    "status",
    "tap",
  ]
  pruneopts = ""
  revision = "2e463a05d100327ca47ac218281906921038fd95"
  version = "v1.16.0"

[solve-meta]
  analyzer-name = "dep"
  analyzer-version = 1
  input-imports = [
    "github.com/golang/protobuf/proto",
    "github.com/golang/protobuf/ptypes",
    "github.com/golang/protobuf/ptypes/empty",
    "github.com/golang/protobuf/ptypes/timestamp",
    "github.com/golang/protobuf/ptypes/wrappers",
    "github.com/google/uuid",
    "github.com/lib/pq",
    "github.com/piotrkowalczuk/mnemosyne",
    "github.com/piotrkowalczuk/mnemosyne/mnemosyned",
    "github.com/piotrkowalczuk/mnemosyne/mnemosynerpc",
    "github.com/piotrkowalczuk/mnemosyne/mnemosynetest",
    "github.com/piotrkowalczuk/ntypes",
    "github.com/piotrkowalczuk/ntypespqt",
    "github.com/piotrkowalczuk/pqt",
    "github.com/piotrkowalczuk/pqt/pqtgo/pqtgogen",
    "github.com/piotrkowalczuk/pqt/pqtsql",
    "github.com/piotrkowalczuk/promgrpc/v3",
    "github.com/piotrkowalczuk/qtypes",
    "github.com/piotrkowalczuk/qtypespqt",
    "github.com/piotrkowalczuk/zapstackdriver",
    "github.com/piotrkowalczuk/zapstackdriver/zapstackdrivergrpc",
    "github.com/prometheus/client_golang/prometheus",
    "github.com/prometheus/client_golang/prometheus/promhttp",
    "github.com/smartystreets/goconvey/convey",
    "github.com/stretchr/testify/mock",
    "go.uber.org/zap",
    "go.uber.org/zap/zapcore",
    "golang.org/x/crypto/bcrypt",
    "golang.org/x/crypto/sha3",
    "golang.org/x/net/context",
    "golang.org/x/net/trace",
    "golang.org/x/oauth2",
    "google.golang.org/genproto/googleapis/rpc/errdetails",
    "google.golang.org/grpc",
    "google.golang.org/grpc/codes",
    "google.golang.org/grpc/credentials",
    "google.golang.org/grpc/metadata",
    "google.golang.org/grpc/peer",
    "google.golang.org/grpc/status",
  ]
  solver-name = "gps-cdcl"
  solver-version = 1
