# This file is autogenerated, do not edit; changes may be undone by the next 'dep ensure'.


[[projects]]
  branch = "master"
  name = "github.com/beorn7/perks"
  packages = ["quantile"]
  revision = "4c0e84591b9aa9e6dcfdf3e020114cd81f89d5f9"

[[projects]]
  name = "github.com/davecgh/go-spew"
  packages = ["spew"]
  revision = "346938d642f2ec3594ed81d874461961cd0faa76"
  version = "v1.1.0"

[[projects]]
  name = "github.com/go-kit/kit"
  packages = ["log"]
  revision = "6fb874ce59bb45b2f60ee3d289829db02142ecc6"
  version = "v0.2.0"

[[projects]]
  name = "github.com/go-ldap/ldap"
  packages = ["."]
  revision = "8168ee085ee43257585e50c6441aadf54ecb2c9f"
  version = "v2.5.0"

[[projects]]
  name = "github.com/go-logfmt/logfmt"
  packages = ["."]
  revision = "390ab7935ee28ec6b286364bba9b4dd6410cb3d5"
  version = "v0.3.0"

[[projects]]
  name = "github.com/go-stack/stack"
  packages = ["."]
  revision = "817915b46b97fd7bb80e8ab6b69f01a53ac3eebf"
  version = "v1.6.0"

[[projects]]
  branch = "master"
  name = "github.com/golang/protobuf"
  packages = ["proto","ptypes","ptypes/any","ptypes/duration","ptypes/empty","ptypes/timestamp","ptypes/wrappers"]
  revision = "130e6b02ab059e7b717a096f397c5b60111cae74"

[[projects]]
  branch = "master"
  name = "github.com/gopherjs/gopherjs"
  packages = ["js"]
  revision = "b40cd48c38f9a18eb3db20d163bad78de12cf0b7"

[[projects]]
  branch = "master"
  name = "github.com/huandu/xstrings"
  packages = ["."]
  revision = "d6590c0c31d16526217fa60fbd2067f7afcd78c5"

[[projects]]
  name = "github.com/jtolds/gls"
  packages = ["."]
  revision = "77f18212c9c7edc9bd6a33d383a7b545ce62f064"
  version = "v4.2.1"

[[projects]]
  branch = "master"
  name = "github.com/kr/logfmt"
  packages = ["."]
  revision = "b84e30acd515aadc4b783ad4ff83aff3299bdfe0"

[[projects]]
  branch = "master"
  name = "github.com/lib/pq"
  packages = [".","oid"]
  revision = "b77235e3890a962fe8a6f8c4c7198679ca7814e7"

[[projects]]
  name = "github.com/matttproud/golang_protobuf_extensions"
  packages = ["pbutil"]
  revision = "3247c84500bff8d9fb6d579d800f20b3e091582c"
  version = "v1.0.0"

[[projects]]
  name = "github.com/pborman/uuid"
  packages = ["."]
  revision = "a97ce2ca70fa5a848076093f05e639a89ca34d06"
  version = "v1.0"

[[projects]]
  name = "github.com/piotrkowalczuk/mnemosyne"
  packages = [".","internal/cluster","internal/jump","internal/service/logger","internal/service/postgres","mnemosyned","mnemosynerpc","mnemosynetest"]
  revision = "44e61219f435ebc898c0f537215dfe5d7cf0b99a"
  version = "v0.13.0"

[[projects]]
  name = "github.com/piotrkowalczuk/ntypes"
  packages = ["."]
  revision = "f36241dd0e90df20dd397b29b74cd6e7d89ba9ce"
  version = "v1.0.0"

[[projects]]
  name = "github.com/piotrkowalczuk/ntypespqt"
  packages = ["."]
  revision = "a003c97f4df3d3343e505e941c5f7e07fefd5d8d"
  version = "v0.2.6"

[[projects]]
  branch = "master"
  name = "github.com/piotrkowalczuk/pqcomp"
  packages = ["."]
  revision = "631b19c36ded8bbe954cf8c15a0044c591033536"

[[projects]]
  name = "github.com/piotrkowalczuk/pqt"
  packages = [".","pqtgo","pqtsql"]
  revision = "3647e5ba2b64deb699a09ea4c78736af65c3931e"
  version = "v0.19.0"

[[projects]]
  name = "github.com/piotrkowalczuk/promgrpc"
  packages = ["."]
  revision = "2cb325708a986e97d3540905a0b589fa4c17eaee"
  version = "v2.0.0"

[[projects]]
  name = "github.com/piotrkowalczuk/qtypes"
  packages = ["."]
  revision = "cfa1f627c009055e907c566011e5c1b9559ae1e8"
  version = "v0.3.6"

[[projects]]
  name = "github.com/piotrkowalczuk/qtypespqt"
  packages = ["."]
  revision = "eb49bca7d22cb00b04894def991d271074a1b889"
  version = "v0.3.3"

[[projects]]
  branch = "master"
  name = "github.com/piotrkowalczuk/sklog"
  packages = ["."]
  revision = "ec5c8660c571ff906c65341ba96de449706d63fa"

[[projects]]
  name = "github.com/pmezard/go-difflib"
  packages = ["difflib"]
  revision = "792786c7400a136282c1664665ae0a8db921c6c2"
  version = "v1.0.0"

[[projects]]
  name = "github.com/prometheus/client_golang"
  packages = ["prometheus","prometheus/promhttp"]
  revision = "c5b7fccd204277076155f10851dad72b76a49317"
  version = "v0.8.0"

[[projects]]
  branch = "master"
  name = "github.com/prometheus/client_model"
  packages = ["go"]
  revision = "6f3806018612930941127f2a7c6c453ba2c527d2"

[[projects]]
  branch = "master"
  name = "github.com/prometheus/common"
  packages = ["expfmt","internal/bitbucket.org/ww/goautoneg","model"]
  revision = "2f17f4a9d485bf34b4bfaccc273805040e4f86c8"

[[projects]]
  branch = "master"
  name = "github.com/prometheus/procfs"
  packages = [".","xfs"]
  revision = "e645f4e5aaa8506fc71d6edbc5c4ff02c04c46f2"

[[projects]]
  name = "github.com/smartystreets/assertions"
  packages = [".","internal/go-render/render","internal/oglematchers"]
  revision = "9c0ea8acbc1d8ad689f9e6fe0c1fa5838e0cabc2"
  version = "1.7.0"

[[projects]]
  name = "github.com/smartystreets/goconvey"
  packages = ["convey","convey/gotest","convey/reporting"]
  revision = "9e8dc3f972df6c8fcc0375ef492c24d0bb204857"
  version = "1.6.3"

[[projects]]
  branch = "master"
  name = "github.com/stretchr/objx"
  packages = ["."]
  revision = "1a9d0bb9f541897e62256577b352fdbc1fb4fd94"

[[projects]]
  name = "github.com/stretchr/testify"
  packages = ["assert","mock"]
  revision = "69483b4bd14f5845b5a1e55bca19e954e827f1d0"
  version = "v1.1.4"

[[projects]]
  name = "go.uber.org/atomic"
  packages = ["."]
  revision = "4e336646b2ef9fc6e47be8e21594178f98e5ebcf"
  version = "v1.2.0"

[[projects]]
  name = "go.uber.org/multierr"
  packages = ["."]
  revision = "3c4937480c32f4c13a875a1829af76c98ca3d40a"
  version = "v1.1.0"

[[projects]]
  name = "go.uber.org/zap"
  packages = [".","buffer","internal/bufferpool","internal/color","internal/exit","zapcore"]
  revision = "7a9ca91fa627ed52c7ff4fcc95cd044dc2c82a51"
  version = "v1.7.0"

[[projects]]
  branch = "master"
  name = "golang.org/x/crypto"
  packages = ["bcrypt","blowfish","sha3"]
  revision = "7d9177d70076375b9a59c8fde23d52d9c4a7ecd5"

[[projects]]
  branch = "master"
  name = "golang.org/x/net"
  packages = ["context","context/ctxhttp","http2","http2/hpack","idna","internal/timeseries","lex/httplex","trace"]
  revision = "0744d001aa8470aaa53df28d32e5ceeb8af9bd70"

[[projects]]
  branch = "master"
  name = "golang.org/x/oauth2"
  packages = [".","internal"]
  revision = "13449ad91cb26cb47661c1b080790392170385fd"

[[projects]]
  branch = "master"
  name = "golang.org/x/text"
  packages = ["collate","collate/build","internal/colltab","internal/gen","internal/tag","internal/triegen","internal/ucd","language","secure/bidirule","transform","unicode/bidi","unicode/cldr","unicode/norm","unicode/rangetable"]
  revision = "1cbadb444a806fd9430d14ad08967ed91da4fa0a"

[[projects]]
  name = "google.golang.org/appengine"
  packages = ["internal","internal/base","internal/datastore","internal/log","internal/remote_api","internal/urlfetch","urlfetch"]
  revision = "150dc57a1b433e64154302bdc40b6bb8aefa313a"
  version = "v1.0.0"

[[projects]]
  branch = "master"
  name = "google.golang.org/genproto"
  packages = ["googleapis/rpc/status"]
  revision = "1e559d0a00eef8a9a43151db4665280bd8dd5886"

[[projects]]
  name = "google.golang.org/grpc"
  packages = [".","codes","connectivity","credentials","grpclb/grpc_lb_v1/messages","grpclog","internal","keepalive","metadata","naming","peer","stats","status","tap","transport"]
  revision = "f92cdcd7dcdc69e81b2d7b338479a19a8723cfa3"
  version = "v1.6.0"

[[projects]]
  name = "gopkg.in/asn1-ber.v1"
  packages = ["."]
  revision = "379148ca0225df7a432012b8df0355c2a2063ac0"
  version = "v1.2"

[solve-meta]
  analyzer-name = "dep"
  analyzer-version = 1
  inputs-digest = "52a28ed303dc7af29f61ffad30b822af8561411c0c212d0ff912c30d32d33bc3"
  solver-name = "gps-cdcl"
  solver-version = 1
