hash: eddbc89ea6ca5a7f18cebf01fe26b24a988550679ada9c379806382ff687e6fe
updated: 2017-02-19T21:25:00.525575216+01:00
imports:
- name: github.com/golang/protobuf
  version: 2bc9827a78f95c6665b5fe0abd1fd66b496ae2d8
  subpackages:
  - proto
  - ptypes
  - ptypes/any
  - ptypes/duration
  - ptypes/timestamp
- name: github.com/huandu/xstrings
  version: 3959339b333561bf62a38b424fd41517c2c90f40
- name: github.com/lib/pq
  version: ba5d4f7a35561e22fbdf7a39aa0070f4d460cfc0
  subpackages:
  - oid
- name: github.com/piotrkowalczuk/ntypespqt
  version: 49d968b4487ffc8397e36bf4a974b3a9c5a6821f
- name: github.com/piotrkowalczuk/pqt
  version: bdc5112a8458786330abe2a7362ebd0f9508aee5
  subpackages:
  - pqtgo
  - pqtsql
- name: github.com/piotrkowalczuk/qtypes
  version: 4325c682e95fb74655cedb1e545974ef240c8762
- name: github.com/piotrkowalczuk/qtypespqt
  version: 80d3fabf91beba32cb42e6a68cb0a0db1971d0fc
testImports: []
