hash: a29c5dbd5758d51d33a0f1b0d66d161c7d1e0b93f0562040fbe8ccb6ca8e74ec
updated: 2017-07-21T19:50:27.033464999+02:00
imports:
- name: github.com/golang/protobuf
  version: 7a211bcf3bce0e3f1d74f9894916e6f116ae83b4
  subpackages:
  - proto
  - ptypes
  - ptypes/any
  - ptypes/duration
  - ptypes/timestamp
- name: github.com/huandu/xstrings
  version: 3959339b333561bf62a38b424fd41517c2c90f40
- name: github.com/piotrkowalczuk/ntypespqt
  version: fccd84359508315ece20494381cb7802ab34ab3b
- name: github.com/piotrkowalczuk/pqt
  version: 3647e5ba2b64deb699a09ea4c78736af65c3931e
  subpackages:
  - pqtgo
  - pqtsql
- name: github.com/piotrkowalczuk/qtypes
  version: cfa1f627c009055e907c566011e5c1b9559ae1e8
- name: github.com/piotrkowalczuk/qtypespqt
  version: eb49bca7d22cb00b04894def991d271074a1b889
testImports: []
